// !$*UTF8*$!
{
	archiveVersion = 1;
	classes = {
	};
	objectVersion = 48;
	objects = {

/* Begin PBXBuildFile section */
		D77CBF0B1F122C9C009F9BB4 /* AppDelegate.swift in Sources */ = {isa = PBXBuildFile; fileRef = D77CBF0A1F122C9C009F9BB4 /* AppDelegate.swift */; };
		D77CBF0D1F122C9C009F9BB4 /* ViewController.swift in Sources */ = {isa = PBXBuildFile; fileRef = D77CBF0C1F122C9C009F9BB4 /* ViewController.swift */; };
		D77CBF101F122C9C009F9BB4 /* Main.storyboard in Resources */ = {isa = PBXBuildFile; fileRef = D77CBF0E1F122C9C009F9BB4 /* Main.storyboard */; };
		D77CBF121F122C9C009F9BB4 /* Assets.xcassets in Resources */ = {isa = PBXBuildFile; fileRef = D77CBF111F122C9C009F9BB4 /* Assets.xcassets */; };
		D77CBF151F122C9C009F9BB4 /* LaunchScreen.storyboard in Resources */ = {isa = PBXBuildFile; fileRef = D77CBF131F122C9C009F9BB4 /* LaunchScreen.storyboard */; };
		D77CBF1E1F133858009F9BB4 /* Extensions.swift in Sources */ = {isa = PBXBuildFile; fileRef = D77CBF1D1F133858009F9BB4 /* Extensions.swift */; };
/* End PBXBuildFile section */

/* Begin PBXFileReference section */
		D77CBF071F122C9C009F9BB4 /* InstagramClone.app */ = {isa = PBXFileReference; explicitFileType = wrapper.application; includeInIndex = 0; path = InstagramClone.app; sourceTree = BUILT_PRODUCTS_DIR; };
		D77CBF0A1F122C9C009F9BB4 /* AppDelegate.swift */ = {isa = PBXFileReference; lastKnownFileType = sourcecode.swift; path = AppDelegate.swift; sourceTree = "<group>"; };
		D77CBF0C1F122C9C009F9BB4 /* ViewController.swift */ = {isa = PBXFileReference; lastKnownFileType = sourcecode.swift; path = ViewController.swift; sourceTree = "<group>"; };
		D77CBF0F1F122C9C009F9BB4 /* Base */ = {isa = PBXFileReference; lastKnownFileType = file.storyboard; name = Base; path = Base.lproj/Main.storyboard; sourceTree = "<group>"; };
		D77CBF111F122C9C009F9BB4 /* Assets.xcassets */ = {isa = PBXFileReference; lastKnownFileType = folder.assetcatalog; path = Assets.xcassets; sourceTree = "<group>"; };
		D77CBF141F122C9C009F9BB4 /* Base */ = {isa = PBXFileReference; lastKnownFileType = file.storyboard; name = Base; path = Base.lproj/LaunchScreen.storyboard; sourceTree = "<group>"; };
		D77CBF161F122C9C009F9BB4 /* Info.plist */ = {isa = PBXFileReference; lastKnownFileType = text.plist.xml; path = Info.plist; sourceTree = "<group>"; };
		D77CBF1D1F133858009F9BB4 /* Extensions.swift */ = {isa = PBXFileReference; lastKnownFileType = sourcecode.swift; path = Extensions.swift; sourceTree = "<group>"; };
/* End PBXFileReference section */

/* Begin PBXFrameworksBuildPhase section */
		D77CBF041F122C9C009F9BB4 /* Frameworks */ = {
			isa = PBXFrameworksBuildPhase;
			buildActionMask = 2147483647;
			files = (
			);
			runOnlyForDeploymentPostprocessing = 0;
		};
/* End PBXFrameworksBuildPhase section */

/* Begin PBXGroup section */
		D77CBEFE1F122C9C009F9BB4 = {
			isa = PBXGroup;
			children = (
				D77CBF091F122C9C009F9BB4 /* InstagramClone */,
				D77CBF081F122C9C009F9BB4 /* Products */,
			);
			sourceTree = "<group>";
		};
		D77CBF081F122C9C009F9BB4 /* Products */ = {
			isa = PBXGroup;
			children = (
				D77CBF071F122C9C009F9BB4 /* InstagramClone.app */,
			);
			name = Products;
			sourceTree = "<group>";
		};
		D77CBF091F122C9C009F9BB4 /* InstagramClone */ = {
			isa = PBXGroup;
			children = (
				D77CBF1C1F133703009F9BB4 /* Utils */,
				D77CBF0A1F122C9C009F9BB4 /* AppDelegate.swift */,
				D77CBF0C1F122C9C009F9BB4 /* ViewController.swift */,
				D77CBF0E1F122C9C009F9BB4 /* Main.storyboard */,
				D77CBF111F122C9C009F9BB4 /* Assets.xcassets */,
				D77CBF131F122C9C009F9BB4 /* LaunchScreen.storyboard */,
				D77CBF161F122C9C009F9BB4 /* Info.plist */,
			);
			path = InstagramClone;
			sourceTree = "<group>";
		};
		D77CBF1C1F133703009F9BB4 /* Utils */ = {
			isa = PBXGroup;
			children = (
				D77CBF1D1F133858009F9BB4 /* Extensions.swift */,
			);
			path = Utils;
			sourceTree = "<group>";
		};
/* End PBXGroup section */

/* Begin PBXNativeTarget section */
		D77CBF061F122C9C009F9BB4 /* InstagramClone */ = {
			isa = PBXNativeTarget;
			buildConfigurationList = D77CBF191F122C9C009F9BB4 /* Build configuration list for PBXNativeTarget "InstagramClone" */;
			buildPhases = (
				D77CBF031F122C9C009F9BB4 /* Sources */,
				D77CBF041F122C9C009F9BB4 /* Frameworks */,
				D77CBF051F122C9C009F9BB4 /* Resources */,
			);
			buildRules = (
			);
			dependencies = (
			);
			name = InstagramClone;
			productName = InstagramClone;
			productReference = D77CBF071F122C9C009F9BB4 /* InstagramClone.app */;
			productType = "com.apple.product-type.application";
		};
/* End PBXNativeTarget section */

/* Begin PBXProject section */
		D77CBEFF1F122C9C009F9BB4 /* Project object */ = {
			isa = PBXProject;
			attributes = {
				LastSwiftUpdateCheck = 0900;
				LastUpgradeCheck = 0900;
				ORGANIZATIONNAME = "Denver Coder";
				TargetAttributes = {
					D77CBF061F122C9C009F9BB4 = {
						CreatedOnToolsVersion = 9.0;
					};
				};
			};
			buildConfigurationList = D77CBF021F122C9C009F9BB4 /* Build configuration list for PBXProject "InstagramClone" */;
			compatibilityVersion = "Xcode 8.0";
			developmentRegion = en;
			hasScannedForEncodings = 0;
			knownRegions = (
				en,
				Base,
			);
			mainGroup = D77CBEFE1F122C9C009F9BB4;
			productRefGroup = D77CBF081F122C9C009F9BB4 /* Products */;
			projectDirPath = "";
			projectRoot = "";
			targets = (
				D77CBF061F122C9C009F9BB4 /* InstagramClone */,
			);
		};
/* End PBXProject section */

/* Begin PBXResourcesBuildPhase section */
		D77CBF051F122C9C009F9BB4 /* Resources */ = {
			isa = PBXResourcesBuildPhase;
			buildActionMask = 2147483647;
			files = (
				D77CBF151F122C9C009F9BB4 /* LaunchScreen.storyboard in Resources */,
				D77CBF121F122C9C009F9BB4 /* Assets.xcassets in Resources */,
				D77CBF101F122C9C009F9BB4 /* Main.storyboard in Resources */,
			);
			runOnlyForDeploymentPostprocessing = 0;
		};
/* End PBXResourcesBuildPhase section */

/* Begin PBXSourcesBuildPhase section */
		D77CBF031F122C9C009F9BB4 /* Sources */ = {
			isa = PBXSourcesBuildPhase;
			buildActionMask = 2147483647;
			files = (
				D77CBF0D1F122C9C009F9BB4 /* ViewController.swift in Sources */,
				D77CBF1E1F133858009F9BB4 /* Extensions.swift in Sources */,
				D77CBF0B1F122C9C009F9BB4 /* AppDelegate.swift in Sources */,
			);
			runOnlyForDeploymentPostprocessing = 0;
		};
/* End PBXSourcesBuildPhase section */

/* Begin PBXVariantGroup section */
		D77CBF0E1F122C9C009F9BB4 /* Main.storyboard */ = {
			isa = PBXVariantGroup;
			children = (
				D77CBF0F1F122C9C009F9BB4 /* Base */,
			);
			name = Main.storyboard;
			sourceTree = "<group>";
		};
		D77CBF131F122C9C009F9BB4 /* LaunchScreen.storyboard */ = {
			isa = PBXVariantGroup;
			children = (
				D77CBF141F122C9C009F9BB4 /* Base */,
			);
			name = LaunchScreen.storyboard;
			sourceTree = "<group>";
		};
/* End PBXVariantGroup section */

/* Begin XCBuildConfiguration section */
		D77CBF171F122C9C009F9BB4 /* Debug */ = {
			isa = XCBuildConfiguration;
			buildSettings = {
				ALWAYS_SEARCH_USER_PATHS = NO;
				CLANG_ANALYZER_NONNULL = YES;
				CLANG_ANALYZER_NUMBER_OBJECT_CONVERSION = YES_AGGRESSIVE;
				CLANG_CXX_LANGUAGE_STANDARD = "gnu++14";
				CLANG_CXX_LIBRARY = "libc++";
				CLANG_ENABLE_MODULES = YES;
				CLANG_ENABLE_OBJC_ARC = YES;
				CLANG_WARN_BLOCK_CAPTURE_AUTORELEASING = YES;
				CLANG_WARN_BOOL_CONVERSION = YES;
				CLANG_WARN_COMMA = YES;
				CLANG_WARN_CONSTANT_CONVERSION = YES;
				CLANG_WARN_DIRECT_OBJC_ISA_USAGE = YES_ERROR;
				CLANG_WARN_DOCUMENTATION_COMMENTS = YES;
				CLANG_WARN_EMPTY_BODY = YES;
				CLANG_WARN_ENUM_CONVERSION = YES;
				CLANG_WARN_INFINITE_RECURSION = YES;
				CLANG_WARN_INT_CONVERSION = YES;
				CLANG_WARN_OBJC_ROOT_CLASS = YES_ERROR;
				CLANG_WARN_RANGE_LOOP_ANALYSIS = YES;
				CLANG_WARN_STRICT_PROTOTYPES = YES;
				CLANG_WARN_SUSPICIOUS_MOVE = YES;
				CLANG_WARN_UNGUARDED_AVAILABILITY = YES_AGGRESSIVE;
				CLANG_WARN_UNREACHABLE_CODE = YES;
				CLANG_WARN__DUPLICATE_METHOD_MATCH = YES;
				CODE_SIGN_IDENTITY = "iPhone Developer";
				COPY_PHASE_STRIP = NO;
				DEBUG_INFORMATION_FORMAT = dwarf;
				ENABLE_STRICT_OBJC_MSGSEND = YES;
				ENABLE_TESTABILITY = YES;
				GCC_C_LANGUAGE_STANDARD = gnu11;
				GCC_DYNAMIC_NO_PIC = NO;
				GCC_NO_COMMON_BLOCKS = YES;
				GCC_OPTIMIZATION_LEVEL = 0;
				GCC_PREPROCESSOR_DEFINITIONS = (
					"DEBUG=1",
					"$(inherited)",
				);
				GCC_WARN_64_TO_32_BIT_CONVERSION = YES;
				GCC_WARN_ABOUT_RETURN_TYPE = YES_ERROR;
				GCC_WARN_UNDECLARED_SELECTOR = YES;
				GCC_WARN_UNINITIALIZED_AUTOS = YES_AGGRESSIVE;
				GCC_WARN_UNUSED_FUNCTION = YES;
				GCC_WARN_UNUSED_VARIABLE = YES;
				IPHONEOS_DEPLOYMENT_TARGET = 11.0;
				MTL_ENABLE_DEBUG_INFO = YES;
				ONLY_ACTIVE_ARCH = YES;
				SDKROOT = iphoneos;
				SWIFT_ACTIVE_COMPILATION_CONDITIONS = DEBUG;
				SWIFT_OPTIMIZATION_LEVEL = "-Onone";
			};
			name = Debug;
		};
		D77CBF181F122C9C009F9BB4 /* Release */ = {
			isa = XCBuildConfiguration;
			buildSettings = {
				ALWAYS_SEARCH_USER_PATHS = NO;
				CLANG_ANALYZER_NONNULL = YES;
				CLANG_ANALYZER_NUMBER_OBJECT_CONVERSION = YES_AGGRESSIVE;
				CLANG_CXX_LANGUAGE_STANDARD = "gnu++14";
				CLANG_CXX_LIBRARY = "libc++";
				CLANG_ENABLE_MODULES = YES;
				CLANG_ENABLE_OBJC_ARC = YES;
				CLANG_WARN_BLOCK_CAPTURE_AUTORELEASING = YES;
				CLANG_WARN_BOOL_CONVERSION = YES;
				CLANG_WARN_COMMA = YES;
				CLANG_WARN_CONSTANT_CONVERSION = YES;
				CLANG_WARN_DIRECT_OBJC_ISA_USAGE = YES_ERROR;
				CLANG_WARN_DOCUMENTATION_COMMENTS = YES;
				CLANG_WARN_EMPTY_BODY = YES;
				CLANG_WARN_ENUM_CONVERSION = YES;
				CLANG_WARN_INFINITE_RECURSION = YES;
				CLANG_WARN_INT_CONVERSION = YES;
				CLANG_WARN_OBJC_ROOT_CLASS = YES_ERROR;
				CLANG_WARN_RANGE_LOOP_ANALYSIS = YES;
				CLANG_WARN_STRICT_PROTOTYPES = YES;
				CLANG_WARN_SUSPICIOUS_MOVE = YES;
				CLANG_WARN_UNGUARDED_AVAILABILITY = YES_AGGRESSIVE;
				CLANG_WARN_UNREACHABLE_CODE = YES;
				CLANG_WARN__DUPLICATE_METHOD_MATCH = YES;
				CODE_SIGN_IDENTITY = "iPhone Developer";
				COPY_PHASE_STRIP = NO;
				DEBUG_INFORMATION_FORMAT = "dwarf-with-dsym";
				ENABLE_NS_ASSERTIONS = NO;
				ENABLE_STRICT_OBJC_MSGSEND = YES;
				GCC_C_LANGUAGE_STANDARD = gnu11;
				GCC_NO_COMMON_BLOCKS = YES;
				GCC_WARN_64_TO_32_BIT_CONVERSION = YES;
				GCC_WARN_ABOUT_RETURN_TYPE = YES_ERROR;
				GCC_WARN_UNDECLARED_SELECTOR = YES;
				GCC_WARN_UNINITIALIZED_AUTOS = YES_AGGRESSIVE;
				GCC_WARN_UNUSED_FUNCTION = YES;
				GCC_WARN_UNUSED_VARIABLE = YES;
				IPHONEOS_DEPLOYMENT_TARGET = 11.0;
				MTL_ENABLE_DEBUG_INFO = NO;
				SDKROOT = iphoneos;
				SWIFT_OPTIMIZATION_LEVEL = "-Owholemodule";
				VALIDATE_PRODUCT = YES;
			};
			name = Release;
		};
		D77CBF1A1F122C9C009F9BB4 /* Debug */ = {
			isa = XCBuildConfiguration;
			buildSettings = {
				ASSETCATALOG_COMPILER_APPICON_NAME = AppIcon;
				DEVELOPMENT_TEAM = 88UZ84VZEF;
				INFOPLIST_FILE = InstagramClone/Info.plist;
				LD_RUNPATH_SEARCH_PATHS = "$(inherited) @executable_path/Frameworks";
				PRODUCT_BUNDLE_IDENTIFIER = com.denvercoder.InstagramClone;
				PRODUCT_NAME = "$(TARGET_NAME)";
				SWIFT_VERSION = 4.0;
				TARGETED_DEVICE_FAMILY = "1,2";
			};
			name = Debug;
		};
		D77CBF1B1F122C9C009F9BB4 /* Release */ = {
			isa = XCBuildConfiguration;
			buildSettings = {
				ASSETCATALOG_COMPILER_APPICON_NAME = AppIcon;
				DEVELOPMENT_TEAM = 88UZ84VZEF;
				INFOPLIST_FILE = InstagramClone/Info.plist;
				LD_RUNPATH_SEARCH_PATHS = "$(inherited) @executable_path/Frameworks";
				PRODUCT_BUNDLE_IDENTIFIER = com.denvercoder.InstagramClone;
				PRODUCT_NAME = "$(TARGET_NAME)";
				SWIFT_VERSION = 4.0;
				TARGETED_DEVICE_FAMILY = "1,2";
			};
			name = Release;
		};
/* End XCBuildConfiguration section */

/* Begin XCConfigurationList section */
		D77CBF021F122C9C009F9BB4 /* Build configuration list for PBXProject "InstagramClone" */ = {
			isa = XCConfigurationList;
			buildConfigurations = (
				D77CBF171F122C9C009F9BB4 /* Debug */,
				D77CBF181F122C9C009F9BB4 /* Release */,
			);
			defaultConfigurationIsVisible = 0;
			defaultConfigurationName = Release;
		};
		D77CBF191F122C9C009F9BB4 /* Build configuration list for PBXNativeTarget "InstagramClone" */ = {
			isa = XCConfigurationList;
			buildConfigurations = (
				D77CBF1A1F122C9C009F9BB4 /* Debug */,
				D77CBF1B1F122C9C009F9BB4 /* Release */,
			);
			defaultConfigurationIsVisible = 0;
		};
/* End XCConfigurationList section */
	};
	rootObject = D77CBEFF1F122C9C009F9BB4 /* Project object */;
}
